
Microsoft Visual Studio Solution File, Format Version 12.00
# Visual Studio 15
VisualStudioVersion = 15.0.26228.9
MinimumVisualStudioVersion = 10.0.40219.1
Project("{FAE04EC0-301F-11D3-BF4B-00C04F79EFBC}") = "WpfApp_RadioButton", "WpfApp_RadioButton\WpfApp_RadioButton.csproj", "{076ED46F-24B1-4DC7-9266-1986087E0632}"
EndProject
Global
	GlobalSection(SolutionConfigurationPlatforms) = preSolution
		Debug|Any CPU = Debug|Any CPU
		Release|Any CPU = Release|Any CPU
	EndGlobalSection
	GlobalSection(ProjectConfigurationPlatforms) = postSolution
		{076ED46F-24B1-4DC7-9266-1986087E0632}.Debug|Any CPU.ActiveCfg = Debug|Any CPU
		{076ED46F-24B1-4DC7-9266-1986087E0632}.Debug|Any CPU.Build.0 = Debug|Any CPU
		{076ED46F-24B1-4DC7-9266-1986087E0632}.Release|Any CPU.ActiveCfg = Release|Any CPU
		{076ED46F-24B1-4DC7-9266-1986087E0632}.Release|Any CPU.Build.0 = Release|Any CPU
	EndGlobalSection
	GlobalSection(SolutionProperties) = preSolution
		HideSolutionNode = FALSE
	EndGlobalSection
EndGlobal
